
Microsoft Visual Studio Solution File, Format Version 12.00
# Visual Studio 15
VisualStudioVersion = 15.0.27130.2020
MinimumVisualStudioVersion = 10.0.40219.1
Project("{FAE04EC0-301F-11D3-BF4B-00C04F79EFBC}") = "AngularJSAuthentication", "AngularJSAuthentication\AngularJSAuthentication.csproj", "{5869A5E1-AFF2-4802-84AE-659330BD61D1}"
EndProject
Project("{FAE04EC0-301F-11D3-BF4B-00C04F79EFBC}") = "AngularJSAuthentication.API", "AngularJSAuthentication.API\AngularJSAuthentication.API.csproj", "{2C0FCE50-D58D-4739-B03A-5FFBD4FBF576}"
EndProject
Project("{FAE04EC0-301F-11D3-BF4B-00C04F79EFBC}") = "AngularJSAuthentication.Web", "AngularJSAuthentication.Web\AngularJSAuthentication.Web.csproj", "{369D6AB3-7273-480E-A36D-3D464E8A0A4E}"
EndProject
Global
	GlobalSection(SolutionConfigurationPlatforms) = preSolution
		Debug|Any CPU = Debug|Any CPU
		Release|Any CPU = Release|Any CPU
	EndGlobalSection
	GlobalSection(ProjectConfigurationPlatforms) = postSolution
		{5869A5E1-AFF2-4802-84AE-659330BD61D1}.Debug|Any CPU.ActiveCfg = Debug|Any CPU
		{5869A5E1-AFF2-4802-84AE-659330BD61D1}.Debug|Any CPU.Build.0 = Debug|Any CPU
		{5869A5E1-AFF2-4802-84AE-659330BD61D1}.Release|Any CPU.ActiveCfg = Release|Any CPU
		{5869A5E1-AFF2-4802-84AE-659330BD61D1}.Release|Any CPU.Build.0 = Release|Any CPU
		{2C0FCE50-D58D-4739-B03A-5FFBD4FBF576}.Debug|Any CPU.ActiveCfg = Debug|Any CPU
		{2C0FCE50-D58D-4739-B03A-5FFBD4FBF576}.Debug|Any CPU.Build.0 = Debug|Any CPU
		{2C0FCE50-D58D-4739-B03A-5FFBD4FBF576}.Release|Any CPU.ActiveCfg = Release|Any CPU
		{2C0FCE50-D58D-4739-B03A-5FFBD4FBF576}.Release|Any CPU.Build.0 = Release|Any CPU
		{369D6AB3-7273-480E-A36D-3D464E8A0A4E}.Debug|Any CPU.ActiveCfg = Debug|Any CPU
		{369D6AB3-7273-480E-A36D-3D464E8A0A4E}.Debug|Any CPU.Build.0 = Debug|Any CPU
		{369D6AB3-7273-480E-A36D-3D464E8A0A4E}.Release|Any CPU.ActiveCfg = Release|Any CPU
		{369D6AB3-7273-480E-A36D-3D464E8A0A4E}.Release|Any CPU.Build.0 = Release|Any CPU
	EndGlobalSection
	GlobalSection(SolutionProperties) = preSolution
		HideSolutionNode = FALSE
	EndGlobalSection
	GlobalSection(ExtensibilityGlobals) = postSolution
		SolutionGuid = {93F4C6FA-BB0E-4280-AFAB-8C14FA33514B}
	EndGlobalSection
EndGlobal
