
Microsoft Visual Studio Solution File, Format Version 12.00
# Visual Studio 15
VisualStudioVersion = 15.0.27130.2020
MinimumVisualStudioVersion = 10.0.40219.1
Project("{FAE04EC0-301F-11D3-BF4B-00C04F79EFBC}") = "AngularFundamentals", "ClassLibrary1\AngularFundamentals.csproj", "{FF9D3E1D-9629-4F0F-9650-5C900887C18B}"
EndProject
Project("{2150E333-8FDC-42A3-9474-1A3956D46DE8}") = "ng-hello", "ng-hello", "{0B86E797-DDFD-48A6-988A-2A3F41B03CC2}"
	ProjectSection(SolutionItems) = preProject
		index.html = index.html
	EndProjectSection
EndProject
Global
	GlobalSection(SolutionConfigurationPlatforms) = preSolution
		Debug|Any CPU = Debug|Any CPU
		Release|Any CPU = Release|Any CPU
	EndGlobalSection
	GlobalSection(ProjectConfigurationPlatforms) = postSolution
		{FF9D3E1D-9629-4F0F-9650-5C900887C18B}.Debug|Any CPU.ActiveCfg = Debug|Any CPU
		{FF9D3E1D-9629-4F0F-9650-5C900887C18B}.Debug|Any CPU.Build.0 = Debug|Any CPU
		{FF9D3E1D-9629-4F0F-9650-5C900887C18B}.Release|Any CPU.ActiveCfg = Release|Any CPU
		{FF9D3E1D-9629-4F0F-9650-5C900887C18B}.Release|Any CPU.Build.0 = Release|Any CPU
	EndGlobalSection
	GlobalSection(SolutionProperties) = preSolution
		HideSolutionNode = FALSE
	EndGlobalSection
	GlobalSection(ExtensibilityGlobals) = postSolution
		SolutionGuid = {C63FD631-3466-43C2-9320-2E5B99D8508A}
	EndGlobalSection
EndGlobal
